<?xml version="1.0" encoding="utf-8"?>
<Project ToolsVersion="4.0" xmlns="http://schemas.microsoft.com/developer/msbuild/2003">
  <ItemGroup>
    <Filter Include="Source Files">
      <UniqueIdentifier>{4FC737F1-C7A5-4376-A066-2A32D752A2FF}</UniqueIdentifier>
      <Extensions>cpp;c;cc;cxx;c++;cppm;ixx;def;odl;idl;hpj;bat;asm;asmx</Extensions>
    </Filter>
    <Filter Include="Header Files">
      <UniqueIdentifier>{93995380-89BD-4b04-88EB-625FBE52EBFB}</UniqueIdentifier>
      <Extensions>h;hh;hpp;hxx;h++;hm;inl;inc;ipp;xsd</Extensions>
    </Filter>
    <Filter Include="Resource Files">
      <UniqueIdentifier>{67DA6AB6-F800-4c08-8B7A-83BB121AAD01}</UniqueIdentifier>
      <Extensions>rc;ico;cur;bmp;dlg;rc2;rct;bin;rgs;gif;jpg;jpeg;jpe;resx;tiff;tif;png;wav;mfcribbon-ms</Extensions>
    </Filter>
    <Filter Include="Header Files\Exercise1">
      <UniqueIdentifier>{d44bc03e-fd89-4a66-88e6-54e8cd95657e}</UniqueIdentifier>
    </Filter>
    <Filter Include="Source Files\Exercise1">
      <UniqueIdentifier>{32c0d1dc-90c0-4fe0-9414-7662c902578e}</UniqueIdentifier>
    </Filter>
    <Filter Include="Header Files\Exercise1\Interface">
      <UniqueIdentifier>{8af6efa5-56dc-41e8-a19d-cff6e34e93db}</UniqueIdentifier>
    </Filter>
    <Filter Include="Source Files\Exercise2">
      <UniqueIdentifier>{a017b6db-0d0e-450c-82e2-c72e063232a0}</UniqueIdentifier>
    </Filter>
    <Filter Include="Header Files\Exercise2">
      <UniqueIdentifier>{00d1d900-f576-4e0d-bb9a-2817cac2382c}</UniqueIdentifier>
    </Filter>
  </ItemGroup>
  <ItemGroup>
    <ClCompile Include="lab3_main.cpp">
      <Filter>Source Files</Filter>
    </ClCompile>
    <ClCompile Include="ExpressionEvaluator.cpp">
      <Filter>Source Files\Exercise1</Filter>
    </ClCompile>
    <ClCompile Include="Divisor.cpp">
      <Filter>Source Files\Exercise1</Filter>
    </ClCompile>
    <ClCompile Include="Multiplier.cpp">
      <Filter>Source Files\Exercise1</Filter>
    </ClCompile>
    <ClCompile Include="Subtractor.cpp">
      <Filter>Source Files\Exercise1</Filter>
    </ClCompile>
    <ClCompile Include="Summator.cpp">
      <Filter>Source Files\Exercise1</Filter>
    </ClCompile>
    <ClCompile Include="CustomExpressionsEvaluator.cpp">
      <Filter>Source Files\Exercise1</Filter>
    </ClCompile>
    <ClCompile Include="Conditioner.cpp">
      <Filter>Source Files\Exercise2</Filter>
    </ClCompile>
    <ClCompile Include="HouseholdDevice.cpp">
      <Filter>Source Files\Exercise2</Filter>
    </ClCompile>
    <ClCompile Include="Heater.cpp">
      <Filter>Source Files\Exercise2</Filter>
    </ClCompile>
  </ItemGroup>
  <ItemGroup>
    <ClInclude Include="ExpressionEvaluator.h">
      <Filter>Header Files\Exercise1</Filter>
    </ClInclude>
    <ClInclude Include="Divisor.h">
      <Filter>Header Files\Exercise1</Filter>
    </ClInclude>
    <ClInclude Include="Multiplier.h">
      <Filter>Header Files\Exercise1</Filter>
    </ClInclude>
    <ClInclude Include="Subtractor.h">
      <Filter>Header Files\Exercise1</Filter>
    </ClInclude>
    <ClInclude Include="Summator.h">
      <Filter>Header Files\Exercise1</Filter>
    </ClInclude>
    <ClInclude Include="CustomExpressionsEvaluator.h">
      <Filter>Header Files\Exercise1</Filter>
    </ClInclude>
    <ClInclude Include="ILoggable.h">
      <Filter>Header Files\Exercise1\Interface</Filter>
    </ClInclude>
    <ClInclude Include="IShuffle.h">
      <Filter>Header Files\Exercise1\Interface</Filter>
    </ClInclude>
    <ClInclude Include="IControllable.h">
      <Filter>Header Files\Exercise2</Filter>
    </ClInclude>
    <ClInclude Include="Conditioner.h">
      <Filter>Header Files\Exercise2</Filter>
    </ClInclude>
    <ClInclude Include="HouseholdDevice.h">
      <Filter>Header Files\Exercise2</Filter>
    </ClInclude>
    <ClInclude Include="Heater.h">
      <Filter>Header Files\Exercise2</Filter>
    </ClInclude>
  </ItemGroup>
</Project>